
Microsoft Visual Studio Solution File, Format Version 12.00
# Visual Studio Version 16
VisualStudioVersion = 16.0.30804.86
MinimumVisualStudioVersion = 10.0.40219.1
Project("{9A19103F-16F7-4668-BE54-9A1E7A4F7556}") = "JokeGenerator", "ConsoleApp1\JokeGenerator.csproj", "{F31733F5-8322-4DDC-86C9-658FFDC656F8}"
EndProject
Project("{FAE04EC0-301F-11D3-BF4B-00C04F79EFBC}") = "JokesAPI", "JokesAPI\JokesAPI.csproj", "{3DA46B03-06EF-46AB-8048-AC1468D69E47}"
EndProject
Project("{FAE04EC0-301F-11D3-BF4B-00C04F79EFBC}") = "JokesAPI.Test", "JokesAPI.Test\JokesAPI.Test.csproj", "{6D7F1A4B-81F7-468C-8649-5891E5F03771}"
EndProject
Global
	GlobalSection(SolutionConfigurationPlatforms) = preSolution
		Debug|Any CPU = Debug|Any CPU
		Release|Any CPU = Release|Any CPU
	EndGlobalSection
	GlobalSection(ProjectConfigurationPlatforms) = postSolution
		{F31733F5-8322-4DDC-86C9-658FFDC656F8}.Debug|Any CPU.ActiveCfg = Debug|Any CPU
		{F31733F5-8322-4DDC-86C9-658FFDC656F8}.Debug|Any CPU.Build.0 = Debug|Any CPU
		{F31733F5-8322-4DDC-86C9-658FFDC656F8}.Release|Any CPU.ActiveCfg = Release|Any CPU
		{F31733F5-8322-4DDC-86C9-658FFDC656F8}.Release|Any CPU.Build.0 = Release|Any CPU
		{3DA46B03-06EF-46AB-8048-AC1468D69E47}.Debug|Any CPU.ActiveCfg = Debug|Any CPU
		{3DA46B03-06EF-46AB-8048-AC1468D69E47}.Debug|Any CPU.Build.0 = Debug|Any CPU
		{3DA46B03-06EF-46AB-8048-AC1468D69E47}.Release|Any CPU.ActiveCfg = Release|Any CPU
		{3DA46B03-06EF-46AB-8048-AC1468D69E47}.Release|Any CPU.Build.0 = Release|Any CPU
		{6D7F1A4B-81F7-468C-8649-5891E5F03771}.Debug|Any CPU.ActiveCfg = Debug|Any CPU
		{6D7F1A4B-81F7-468C-8649-5891E5F03771}.Debug|Any CPU.Build.0 = Debug|Any CPU
		{6D7F1A4B-81F7-468C-8649-5891E5F03771}.Release|Any CPU.ActiveCfg = Release|Any CPU
		{6D7F1A4B-81F7-468C-8649-5891E5F03771}.Release|Any CPU.Build.0 = Release|Any CPU
	EndGlobalSection
	GlobalSection(SolutionProperties) = preSolution
		HideSolutionNode = FALSE
	EndGlobalSection
	GlobalSection(ExtensibilityGlobals) = postSolution
		SolutionGuid = {CF17FCE6-F577-4E9A-9C82-1BEF64EA47F9}
	EndGlobalSection
EndGlobal
